
Microsoft Visual Studio Solution File, Format Version 12.00
# Visual Studio Version 16
VisualStudioVersion = 16.0.30114.105
MinimumVisualStudioVersion = 10.0.40219.1
Project("{2150E333-8FDC-42A3-9474-1A3956D46DE8}") = ".nuget", ".nuget", "{0E03C20B-7CA6-4820-93BD-5E3FD769264C}"
	ProjectSection(SolutionItems) = preProject
		.nuget\LambdicSql.Npgsql.nuspec = .nuget\LambdicSql.Npgsql.nuspec
		.nuget\NuGet.exe = .nuget\NuGet.exe
	EndProjectSection
EndProject
Project("{D954291E-2A0B-460D-934E-DC6B0785DB48}") = "LambdicSql.Npgsql.Shared", "LambdicSql.Npgsql.Shared\LambdicSql.Npgsql.Shared.shproj", "{028FE542-3C97-45FB-88A6-8EED82AF2D68}"
EndProject
Project("{FAE04EC0-301F-11D3-BF4B-00C04F79EFBC}") = "LambdicSql.Npgsql.PCL", "LambdicSql.Npgsql.PCL\LambdicSql.Npgsql.PCL.csproj", "{77EF028A-D7AF-45C8-90D6-19492EDC0CFB}"
EndProject
Project("{FAE04EC0-301F-11D3-BF4B-00C04F79EFBC}") = "LambdicSql.Npgsql.NetFramework.3.5", "LambdicSql.Npgsql.NetFramework.3.5\LambdicSql.Npgsql.NetFramework.3.5.csproj", "{335592C4-241D-4E16-94E0-B1A23FC279B9}"
EndProject
Project("{9A19103F-16F7-4668-BE54-9A1E7A4F7556}") = "TestCore", "TestCore\TestCore.csproj", "{BB036CAE-D088-4730-B8FB-0B7D34A01C1D}"
EndProject
Global
	GlobalSection(SharedMSBuildProjectFiles) = preSolution
		LambdicSql.Npgsql.Shared\LambdicSql.Npgsql.Shared.projitems*{028fe542-3c97-45fb-88a6-8eed82af2d68}*SharedItemsImports = 13
		LambdicSql.Npgsql.Shared\LambdicSql.Npgsql.Shared.projitems*{335592c4-241d-4e16-94e0-b1a23fc279b9}*SharedItemsImports = 4
		LambdicSql.Npgsql.Shared\LambdicSql.Npgsql.Shared.projitems*{77ef028a-d7af-45c8-90d6-19492edc0cfb}*SharedItemsImports = 4
	EndGlobalSection
	GlobalSection(SolutionConfigurationPlatforms) = preSolution
		Debug|Any CPU = Debug|Any CPU
		Release|Any CPU = Release|Any CPU
	EndGlobalSection
	GlobalSection(ProjectConfigurationPlatforms) = postSolution
		{77EF028A-D7AF-45C8-90D6-19492EDC0CFB}.Debug|Any CPU.ActiveCfg = Debug|Any CPU
		{77EF028A-D7AF-45C8-90D6-19492EDC0CFB}.Debug|Any CPU.Build.0 = Debug|Any CPU
		{77EF028A-D7AF-45C8-90D6-19492EDC0CFB}.Release|Any CPU.ActiveCfg = Release|Any CPU
		{77EF028A-D7AF-45C8-90D6-19492EDC0CFB}.Release|Any CPU.Build.0 = Release|Any CPU
		{335592C4-241D-4E16-94E0-B1A23FC279B9}.Debug|Any CPU.ActiveCfg = Debug|Any CPU
		{335592C4-241D-4E16-94E0-B1A23FC279B9}.Debug|Any CPU.Build.0 = Debug|Any CPU
		{335592C4-241D-4E16-94E0-B1A23FC279B9}.Release|Any CPU.ActiveCfg = Release|Any CPU
		{335592C4-241D-4E16-94E0-B1A23FC279B9}.Release|Any CPU.Build.0 = Release|Any CPU
		{BB036CAE-D088-4730-B8FB-0B7D34A01C1D}.Debug|Any CPU.ActiveCfg = Debug|Any CPU
		{BB036CAE-D088-4730-B8FB-0B7D34A01C1D}.Debug|Any CPU.Build.0 = Debug|Any CPU
		{BB036CAE-D088-4730-B8FB-0B7D34A01C1D}.Release|Any CPU.ActiveCfg = Release|Any CPU
		{BB036CAE-D088-4730-B8FB-0B7D34A01C1D}.Release|Any CPU.Build.0 = Release|Any CPU
	EndGlobalSection
	GlobalSection(SolutionProperties) = preSolution
		HideSolutionNode = FALSE
	EndGlobalSection
	GlobalSection(ExtensibilityGlobals) = postSolution
		SolutionGuid = {58C2427E-0930-4865-AA4D-C1CEF7A207BA}
	EndGlobalSection
EndGlobal
